
Microsoft Visual Studio Solution File, Format Version 12.00
# Visual Studio Version 16
VisualStudioVersion = 16.0.29306.81
MinimumVisualStudioVersion = 10.0.40219.1
Project("{9A19103F-16F7-4668-BE54-9A1E7A4F7556}") = "NetCoreCache.UI", "src\NetCoreCache.UI\NetCoreCache.UI.csproj", "{434EB023-5B5D-46FC-95D0-64EE57FFAD8C}"
EndProject
Global
	GlobalSection(SolutionConfigurationPlatforms) = preSolution
		Debug|Any CPU = Debug|Any CPU
		Release|Any CPU = Release|Any CPU
	EndGlobalSection
	GlobalSection(ProjectConfigurationPlatforms) = postSolution
		{434EB023-5B5D-46FC-95D0-64EE57FFAD8C}.Debug|Any CPU.ActiveCfg = Debug|Any CPU
		{434EB023-5B5D-46FC-95D0-64EE57FFAD8C}.Debug|Any CPU.Build.0 = Debug|Any CPU
		{434EB023-5B5D-46FC-95D0-64EE57FFAD8C}.Release|Any CPU.ActiveCfg = Release|Any CPU
		{434EB023-5B5D-46FC-95D0-64EE57FFAD8C}.Release|Any CPU.Build.0 = Release|Any CPU
	EndGlobalSection
	GlobalSection(SolutionProperties) = preSolution
		HideSolutionNode = FALSE
	EndGlobalSection
	GlobalSection(ExtensibilityGlobals) = postSolution
		SolutionGuid = {741656FE-6079-4945-B6A3-9E94945EA4F2}
	EndGlobalSection
EndGlobal
